
Microsoft Visual Studio Solution File, Format Version 12.00
# Visual Studio Version 16
VisualStudioVersion = 16.0.29324.140
MinimumVisualStudioVersion = 10.0.40219.1
Project("{FAE04EC0-301F-11D3-BF4B-00C04F79EFBC}") = "Tests", "MeliChallenge\Tests.csproj", "{650C41D0-D53B-43FE-ADE9-F0BD8CE772D2}"
EndProject
Project("{FAE04EC0-301F-11D3-BF4B-00C04F79EFBC}") = "Model", "Model\Model.csproj", "{070AFA9A-2C57-42B0-97DF-1A947C62643C}"
EndProject
Project("{FAE04EC0-301F-11D3-BF4B-00C04F79EFBC}") = "Challenge", "Challenge\Challenge.csproj", "{B27F6E06-FD0D-4992-B653-F70F6D56E850}"
EndProject
Global
	GlobalSection(SolutionConfigurationPlatforms) = preSolution
		Debug|Any CPU = Debug|Any CPU
		Release|Any CPU = Release|Any CPU
	EndGlobalSection
	GlobalSection(ProjectConfigurationPlatforms) = postSolution
		{650C41D0-D53B-43FE-ADE9-F0BD8CE772D2}.Debug|Any CPU.ActiveCfg = Debug|Any CPU
		{650C41D0-D53B-43FE-ADE9-F0BD8CE772D2}.Debug|Any CPU.Build.0 = Debug|Any CPU
		{650C41D0-D53B-43FE-ADE9-F0BD8CE772D2}.Release|Any CPU.ActiveCfg = Release|Any CPU
		{650C41D0-D53B-43FE-ADE9-F0BD8CE772D2}.Release|Any CPU.Build.0 = Release|Any CPU
		{070AFA9A-2C57-42B0-97DF-1A947C62643C}.Debug|Any CPU.ActiveCfg = Debug|Any CPU
		{070AFA9A-2C57-42B0-97DF-1A947C62643C}.Debug|Any CPU.Build.0 = Debug|Any CPU
		{070AFA9A-2C57-42B0-97DF-1A947C62643C}.Release|Any CPU.ActiveCfg = Release|Any CPU
		{070AFA9A-2C57-42B0-97DF-1A947C62643C}.Release|Any CPU.Build.0 = Release|Any CPU
		{B27F6E06-FD0D-4992-B653-F70F6D56E850}.Debug|Any CPU.ActiveCfg = Debug|Any CPU
		{B27F6E06-FD0D-4992-B653-F70F6D56E850}.Debug|Any CPU.Build.0 = Debug|Any CPU
		{B27F6E06-FD0D-4992-B653-F70F6D56E850}.Release|Any CPU.ActiveCfg = Release|Any CPU
		{B27F6E06-FD0D-4992-B653-F70F6D56E850}.Release|Any CPU.Build.0 = Release|Any CPU
	EndGlobalSection
	GlobalSection(SolutionProperties) = preSolution
		HideSolutionNode = FALSE
	EndGlobalSection
	GlobalSection(ExtensibilityGlobals) = postSolution
		SolutionGuid = {1894B3BA-630C-4574-9480-E777DD1E36E2}
	EndGlobalSection
EndGlobal
